
Microsoft Visual Studio Solution File, Format Version 12.00
# Visual Studio Version 17
VisualStudioVersion = 17.8.34511.84
MinimumVisualStudioVersion = 10.0.40219.1
Project("{9A19103F-16F7-4668-BE54-9A1E7A4F7556}") = "RetailAPI", "RetailAPI\RetailAPI.csproj", "{1BCAB53F-C47D-4E01-B808-3753190913F1}"
EndProject
Project("{00D1A9C2-B5F0-4AF3-8072-F6C62B433612}") = "RetailAppDb", "RetailAppDb\RetailAppDb.sqlproj", "{B9D58A91-605D-4949-963A-EE4FFA10548A}"
EndProject
Global
	GlobalSection(SolutionConfigurationPlatforms) = preSolution
		Debug|Any CPU = Debug|Any CPU
		Release|Any CPU = Release|Any CPU
	EndGlobalSection
	GlobalSection(ProjectConfigurationPlatforms) = postSolution
		{1BCAB53F-C47D-4E01-B808-3753190913F1}.Debug|Any CPU.ActiveCfg = Debug|Any CPU
		{1BCAB53F-C47D-4E01-B808-3753190913F1}.Debug|Any CPU.Build.0 = Debug|Any CPU
		{1BCAB53F-C47D-4E01-B808-3753190913F1}.Release|Any CPU.ActiveCfg = Release|Any CPU
		{1BCAB53F-C47D-4E01-B808-3753190913F1}.Release|Any CPU.Build.0 = Release|Any CPU
		{B9D58A91-605D-4949-963A-EE4FFA10548A}.Debug|Any CPU.ActiveCfg = Debug|Any CPU
		{B9D58A91-605D-4949-963A-EE4FFA10548A}.Debug|Any CPU.Build.0 = Debug|Any CPU
		{B9D58A91-605D-4949-963A-EE4FFA10548A}.Debug|Any CPU.Deploy.0 = Debug|Any CPU
		{B9D58A91-605D-4949-963A-EE4FFA10548A}.Release|Any CPU.ActiveCfg = Release|Any CPU
		{B9D58A91-605D-4949-963A-EE4FFA10548A}.Release|Any CPU.Build.0 = Release|Any CPU
		{B9D58A91-605D-4949-963A-EE4FFA10548A}.Release|Any CPU.Deploy.0 = Release|Any CPU
	EndGlobalSection
	GlobalSection(SolutionProperties) = preSolution
		HideSolutionNode = FALSE
	EndGlobalSection
	GlobalSection(ExtensibilityGlobals) = postSolution
		SolutionGuid = {60EA222C-73B9-4225-A19D-A74966351808}
	EndGlobalSection
EndGlobal
